
Microsoft Visual Studio Solution File, Format Version 12.00
# Visual Studio Version 16
VisualStudioVersion = 16.0.29306.81
MinimumVisualStudioVersion = 10.0.40219.1
Project("{FAE04EC0-301F-11D3-BF4B-00C04F79EFBC}") = "UI", "ICTPRG403_ICTPRG404_ICTPRG410\UI.csproj", "{E315C5EF-5F27-4B5F-BA21-6F7D2B563E68}"
EndProject
Project("{FAE04EC0-301F-11D3-BF4B-00C04F79EFBC}") = "UnitTestProject_", "UnitTestProject_\UnitTestProject_.csproj", "{3BF61DD4-2097-4823-BD79-611CF2941C81}"
EndProject
Global
	GlobalSection(SolutionConfigurationPlatforms) = preSolution
		Debug|Any CPU = Debug|Any CPU
		Release|Any CPU = Release|Any CPU
	EndGlobalSection
	GlobalSection(ProjectConfigurationPlatforms) = postSolution
		{E315C5EF-5F27-4B5F-BA21-6F7D2B563E68}.Debug|Any CPU.ActiveCfg = Debug|Any CPU
		{E315C5EF-5F27-4B5F-BA21-6F7D2B563E68}.Debug|Any CPU.Build.0 = Debug|Any CPU
		{E315C5EF-5F27-4B5F-BA21-6F7D2B563E68}.Release|Any CPU.ActiveCfg = Release|Any CPU
		{E315C5EF-5F27-4B5F-BA21-6F7D2B563E68}.Release|Any CPU.Build.0 = Release|Any CPU
		{3BF61DD4-2097-4823-BD79-611CF2941C81}.Debug|Any CPU.ActiveCfg = Debug|Any CPU
		{3BF61DD4-2097-4823-BD79-611CF2941C81}.Debug|Any CPU.Build.0 = Debug|Any CPU
		{3BF61DD4-2097-4823-BD79-611CF2941C81}.Release|Any CPU.ActiveCfg = Release|Any CPU
		{3BF61DD4-2097-4823-BD79-611CF2941C81}.Release|Any CPU.Build.0 = Release|Any CPU
	EndGlobalSection
	GlobalSection(SolutionProperties) = preSolution
		HideSolutionNode = FALSE
	EndGlobalSection
	GlobalSection(ExtensibilityGlobals) = postSolution
		SolutionGuid = {C6CBD9EA-664F-4407-8766-5D1EECA92779}
	EndGlobalSection
EndGlobal
